
Microsoft Visual Studio Solution File, Format Version 12.00
# Visual Studio 15
VisualStudioVersion = 15.0.28010.2046
MinimumVisualStudioVersion = 10.0.40219.1
Project("{FAE04EC0-301F-11D3-BF4B-00C04F79EFBC}") = "Answer1", "Answer1\Answer1.csproj", "{AD12FE53-C54A-417F-AF1E-A508FAD5D1F6}"
EndProject
Global
	GlobalSection(SolutionConfigurationPlatforms) = preSolution
		Debug|Any CPU = Debug|Any CPU
		Release|Any CPU = Release|Any CPU
	EndGlobalSection
	GlobalSection(ProjectConfigurationPlatforms) = postSolution
		{AD12FE53-C54A-417F-AF1E-A508FAD5D1F6}.Debug|Any CPU.ActiveCfg = Debug|Any CPU
		{AD12FE53-C54A-417F-AF1E-A508FAD5D1F6}.Debug|Any CPU.Build.0 = Debug|Any CPU
		{AD12FE53-C54A-417F-AF1E-A508FAD5D1F6}.Release|Any CPU.ActiveCfg = Release|Any CPU
		{AD12FE53-C54A-417F-AF1E-A508FAD5D1F6}.Release|Any CPU.Build.0 = Release|Any CPU
	EndGlobalSection
	GlobalSection(SolutionProperties) = preSolution
		HideSolutionNode = FALSE
	EndGlobalSection
	GlobalSection(ExtensibilityGlobals) = postSolution
		SolutionGuid = {193EE880-AAE7-4CA7-B67D-DF0C740CA626}
	EndGlobalSection
EndGlobal
